
Microsoft Visual Studio Solution File, Format Version 12.00
# Visual Studio Version 16
VisualStudioVersion = 16.0.29728.190
MinimumVisualStudioVersion = 10.0.40219.1
Project("{FAE04EC0-301F-11D3-BF4B-00C04F79EFBC}") = "InteractiveLearningSystem", "InteractiveLearningSystem\InteractiveLearningSystem.csproj", "{078586F1-D801-41E6-9FC4-2DE3957C3D56}"
EndProject
Global
	GlobalSection(SolutionConfigurationPlatforms) = preSolution
		Debug|Any CPU = Debug|Any CPU
		Release|Any CPU = Release|Any CPU
	EndGlobalSection
	GlobalSection(ProjectConfigurationPlatforms) = postSolution
		{078586F1-D801-41E6-9FC4-2DE3957C3D56}.Debug|Any CPU.ActiveCfg = Debug|Any CPU
		{078586F1-D801-41E6-9FC4-2DE3957C3D56}.Debug|Any CPU.Build.0 = Debug|Any CPU
		{078586F1-D801-41E6-9FC4-2DE3957C3D56}.Release|Any CPU.ActiveCfg = Release|Any CPU
		{078586F1-D801-41E6-9FC4-2DE3957C3D56}.Release|Any CPU.Build.0 = Release|Any CPU
	EndGlobalSection
	GlobalSection(SolutionProperties) = preSolution
		HideSolutionNode = FALSE
	EndGlobalSection
	GlobalSection(ExtensibilityGlobals) = postSolution
		SolutionGuid = {86C250C8-2383-45F9-98A5-E888EB83DC4A}
	EndGlobalSection
EndGlobal
